
Microsoft Visual Studio Solution File, Format Version 12.00
Project("{FAE04EC0-301F-11D3-BF4B-00C04F79EFBC}") = "Multithread\Multithread.Lib", "Multithread\Multithread.Lib\Multithread.Lib.csproj", "{26E24917-F7EE-4009-8C29-4BCBD9530F32}"
EndProject
Project("{FAE04EC0-301F-11D3-BF4B-00C04F79EFBC}") = "Multithread\Multithread.Tests", "Multithread\Multithread.Tests\Multithread.Tests.csproj", "{C5030BB4-7F1F-43DE-A3B5-9D7DD855FC7C}"
EndProject
Project("{2150E333-8FDC-42A3-9474-1A3956D46DE8}") = "Multithread", "Multithread", "{2FAA627E-E769-4196-BEBA-53A8ECC089D3}"
EndProject
Global
	GlobalSection(SolutionConfigurationPlatforms) = preSolution
		Debug|Any CPU = Debug|Any CPU
		Release|Any CPU = Release|Any CPU
	EndGlobalSection
	GlobalSection(ProjectConfigurationPlatforms) = postSolution
		{26E24917-F7EE-4009-8C29-4BCBD9530F32}.Debug|Any CPU.ActiveCfg = Debug|Any CPU
		{26E24917-F7EE-4009-8C29-4BCBD9530F32}.Debug|Any CPU.Build.0 = Debug|Any CPU
		{26E24917-F7EE-4009-8C29-4BCBD9530F32}.Release|Any CPU.ActiveCfg = Release|Any CPU
		{26E24917-F7EE-4009-8C29-4BCBD9530F32}.Release|Any CPU.Build.0 = Release|Any CPU
		{C5030BB4-7F1F-43DE-A3B5-9D7DD855FC7C}.Debug|Any CPU.ActiveCfg = Debug|Any CPU
		{C5030BB4-7F1F-43DE-A3B5-9D7DD855FC7C}.Debug|Any CPU.Build.0 = Debug|Any CPU
		{C5030BB4-7F1F-43DE-A3B5-9D7DD855FC7C}.Release|Any CPU.ActiveCfg = Release|Any CPU
		{C5030BB4-7F1F-43DE-A3B5-9D7DD855FC7C}.Release|Any CPU.Build.0 = Release|Any CPU
	EndGlobalSection
	GlobalSection(NestedProjects) = preSolution
		{26E24917-F7EE-4009-8C29-4BCBD9530F32} = {2FAA627E-E769-4196-BEBA-53A8ECC089D3}
		{C5030BB4-7F1F-43DE-A3B5-9D7DD855FC7C} = {2FAA627E-E769-4196-BEBA-53A8ECC089D3}
	EndGlobalSection
EndGlobal
